
Microsoft Visual Studio Solution File, Format Version 12.00
# Visual Studio Version 17
VisualStudioVersion = 17.8.34330.188
MinimumVisualStudioVersion = 10.0.40219.1
Project("{FAE04EC0-301F-11D3-BF4B-00C04F79EFBC}") = "P01_StudentSystem", "P01_StudentSystem\P01_StudentSystem.csproj", "{53054CA1-335B-449D-B224-8DE955CBD77A}"
EndProject
Project("{FAE04EC0-301F-11D3-BF4B-00C04F79EFBC}") = "P02_FootballBetting", "..\P02_FootballBetting\P02_FootballBetting.csproj", "{A608D252-6931-4FD6-91FC-DCF0BE7CB3D6}"
EndProject
Global
	GlobalSection(SolutionConfigurationPlatforms) = preSolution
		Debug|Any CPU = Debug|Any CPU
		Release|Any CPU = Release|Any CPU
	EndGlobalSection
	GlobalSection(ProjectConfigurationPlatforms) = postSolution
		{53054CA1-335B-449D-B224-8DE955CBD77A}.Debug|Any CPU.ActiveCfg = Debug|Any CPU
		{53054CA1-335B-449D-B224-8DE955CBD77A}.Debug|Any CPU.Build.0 = Debug|Any CPU
		{53054CA1-335B-449D-B224-8DE955CBD77A}.Release|Any CPU.ActiveCfg = Release|Any CPU
		{53054CA1-335B-449D-B224-8DE955CBD77A}.Release|Any CPU.Build.0 = Release|Any CPU
		{A608D252-6931-4FD6-91FC-DCF0BE7CB3D6}.Debug|Any CPU.ActiveCfg = Debug|Any CPU
		{A608D252-6931-4FD6-91FC-DCF0BE7CB3D6}.Debug|Any CPU.Build.0 = Debug|Any CPU
		{A608D252-6931-4FD6-91FC-DCF0BE7CB3D6}.Release|Any CPU.ActiveCfg = Release|Any CPU
		{A608D252-6931-4FD6-91FC-DCF0BE7CB3D6}.Release|Any CPU.Build.0 = Release|Any CPU
	EndGlobalSection
	GlobalSection(SolutionProperties) = preSolution
		HideSolutionNode = FALSE
	EndGlobalSection
	GlobalSection(ExtensibilityGlobals) = postSolution
		SolutionGuid = {9A44F295-CE7F-4DE9-8123-35DB20A21F75}
	EndGlobalSection
EndGlobal
